# THIS IS AN AUTOGENERATED FILE. DO NOT EDIT THIS FILE DIRECTLY.
# yarn lockfile v1


detect-europe-js@^0.1.2:
  version "0.1.2"
  resolved "https://registry.yarnpkg.com/detect-europe-js/-/detect-europe-js-0.1.2.tgz#aa76642e05dae786efc2e01a23d4792cd24c7b88"
  integrity sha512-lgdERlL3u0aUdHocoouzT10d9I89VVhk0qNRmll7mXdGfJT1/wqZ2ZLA4oJAjeACPY5fT1wsbq2AT+GkuInsow==

is-standalone-pwa@^0.1.1:
  version "0.1.1"
  resolved "https://registry.yarnpkg.com/is-standalone-pwa/-/is-standalone-pwa-0.1.1.tgz#7a1b0459471a95378aa0764d5dc0a9cec95f2871"
  integrity sha512-9Cbovsa52vNQCjdXOzeQq5CnCbAcRk05aU62K20WO372NrTv0NxibLFCK6lQ4/iZEFdEA3p3t2VNOn8AJ53F5g==

ua-is-frozen@^0.1.2:
  version "0.1.2"
  resolved "https://registry.yarnpkg.com/ua-is-frozen/-/ua-is-frozen-0.1.2.tgz#bfbc5f06336e379590e36beca444188c7dc3a7f3"
  integrity sha512-RwKDW2p3iyWn4UbaxpP2+VxwqXh0jpvdxsYpZ5j/MLLiQOfbsV5shpgQiw93+KMYQPcteeMQ289MaAFzs3G9pw==

ua-parser-js@2.0.6:
  version "2.0.6"
  resolved "https://registry.yarnpkg.com/ua-parser-js/-/ua-parser-js-2.0.6.tgz#1dd221f7f2a27357c6a342296852f6391d77d4f0"
  integrity sha512-EmaxXfltJaDW75SokrY4/lXMrVyXomE/0FpIIqP2Ctic93gK7rlme55Cwkz8l3YZ6gqf94fCU7AnIkidd/KXPg==
  dependencies:
    detect-europe-js "^0.1.2"
    is-standalone-pwa "^0.1.1"
    ua-is-frozen "^0.1.2"
